
Microsoft Visual Studio Solution File, Format Version 12.00
# Visual Studio Version 17
VisualStudioVersion = 17.2.32630.192
MinimumVisualStudioVersion = 10.0.40219.1
Project("{9A19103F-16F7-4668-BE54-9A1E7A4F7556}") = "StoreFront.UI.MVC", "StoreFront.UI.MVC\StoreFront.UI.MVC.csproj", "{342B96E1-08F2-48C1-9C8B-702644BB7954}"
EndProject
Project("{FAE04EC0-301F-11D3-BF4B-00C04F79EFBC}") = "StoreFront.DATA.EF", "StoreFront.DATA.EF\StoreFront.DATA.EF.csproj", "{B07362A9-8EAE-4F0F-AAA7-F82B5628596B}"
EndProject
Global
	GlobalSection(SolutionConfigurationPlatforms) = preSolution
		Debug|Any CPU = Debug|Any CPU
		Release|Any CPU = Release|Any CPU
	EndGlobalSection
	GlobalSection(ProjectConfigurationPlatforms) = postSolution
		{342B96E1-08F2-48C1-9C8B-702644BB7954}.Debug|Any CPU.ActiveCfg = Debug|Any CPU
		{342B96E1-08F2-48C1-9C8B-702644BB7954}.Debug|Any CPU.Build.0 = Debug|Any CPU
		{342B96E1-08F2-48C1-9C8B-702644BB7954}.Release|Any CPU.ActiveCfg = Release|Any CPU
		{342B96E1-08F2-48C1-9C8B-702644BB7954}.Release|Any CPU.Build.0 = Release|Any CPU
		{B07362A9-8EAE-4F0F-AAA7-F82B5628596B}.Debug|Any CPU.ActiveCfg = Debug|Any CPU
		{B07362A9-8EAE-4F0F-AAA7-F82B5628596B}.Debug|Any CPU.Build.0 = Debug|Any CPU
		{B07362A9-8EAE-4F0F-AAA7-F82B5628596B}.Release|Any CPU.ActiveCfg = Release|Any CPU
		{B07362A9-8EAE-4F0F-AAA7-F82B5628596B}.Release|Any CPU.Build.0 = Release|Any CPU
	EndGlobalSection
	GlobalSection(SolutionProperties) = preSolution
		HideSolutionNode = FALSE
	EndGlobalSection
	GlobalSection(ExtensibilityGlobals) = postSolution
		SolutionGuid = {48870C49-47A0-4152-83B9-3E41B1337B31}
	EndGlobalSection
EndGlobal
